
Microsoft Visual Studio Solution File, Format Version 12.00
# Visual Studio Version 16
VisualStudioVersion = 16.0.30611.23
MinimumVisualStudioVersion = 10.0.40219.1
Project("{9A19103F-16F7-4668-BE54-9A1E7A4F7556}") = "CareerCloud.Pocos", "CareerCloud.Pocos\CareerCloud.Pocos.csproj", "{00F77D60-9E35-4E67-9436-25BAB0461462}"
EndProject
Global
	GlobalSection(SolutionConfigurationPlatforms) = preSolution
		Debug|Any CPU = Debug|Any CPU
		Release|Any CPU = Release|Any CPU
	EndGlobalSection
	GlobalSection(ProjectConfigurationPlatforms) = postSolution
		{00F77D60-9E35-4E67-9436-25BAB0461462}.Debug|Any CPU.ActiveCfg = Debug|Any CPU
		{00F77D60-9E35-4E67-9436-25BAB0461462}.Debug|Any CPU.Build.0 = Debug|Any CPU
		{00F77D60-9E35-4E67-9436-25BAB0461462}.Release|Any CPU.ActiveCfg = Release|Any CPU
		{00F77D60-9E35-4E67-9436-25BAB0461462}.Release|Any CPU.Build.0 = Release|Any CPU
	EndGlobalSection
	GlobalSection(SolutionProperties) = preSolution
		HideSolutionNode = FALSE
	EndGlobalSection
	GlobalSection(ExtensibilityGlobals) = postSolution
		SolutionGuid = {4F775491-F906-47DA-AA44-FDF692E30363}
	EndGlobalSection
EndGlobal
